
Microsoft Visual Studio Solution File, Format Version 12.00
Project("{FAE04EC0-301F-11D3-BF4B-00C04F79EFBC}") = "InMemoryDB", "InMemoryDB\InMemoryDB.csproj", "{B1C828AC-E734-4F70-8731-993D9B78834C}"
EndProject
Global
	GlobalSection(SolutionConfigurationPlatforms) = preSolution
		Debug|Any CPU = Debug|Any CPU
		Release|Any CPU = Release|Any CPU
	EndGlobalSection
	GlobalSection(ProjectConfigurationPlatforms) = postSolution
		{B1C828AC-E734-4F70-8731-993D9B78834C}.Debug|Any CPU.ActiveCfg = Debug|Any CPU
		{B1C828AC-E734-4F70-8731-993D9B78834C}.Debug|Any CPU.Build.0 = Debug|Any CPU
		{B1C828AC-E734-4F70-8731-993D9B78834C}.Release|Any CPU.ActiveCfg = Release|Any CPU
		{B1C828AC-E734-4F70-8731-993D9B78834C}.Release|Any CPU.Build.0 = Release|Any CPU
	EndGlobalSection
EndGlobal
